{
    "_meta": {
        "hash": {
            "sha256": "17ba7a662aaad19dd042ee57a4e2e2bff95bf76d1d3d252ba4b8ffcd9d686fe6"
        },
        "pipfile-spec": 6,
        "requires": {
            "python_version": "3"
        },
        "sources": [
            {
                "name": "pypi",
                "url": "https://pypi.org/simple",
                "verify_ssl": true
            }
        ]
    },
    "default": {
        "wasmer": {
            "hashes": [
                "sha256:1d2c337425721fd9ac6c6b17698ef8a9795b236a38b0e3c85872a5845ffb0d90",
                "sha256:2edb87608daa3b46bd2520e0b5b90580fde9c805be4d92eeb98c22b29a21abc6",
                "sha256:4fe592b764fc09d535757682d0ced6da1037976a7eb97986fce3523779a89682",
                "sha256:75d854cb5acdc32f289ceb310a72d66190fa531dd126eac970ed6788939a5d40",
                "sha256:7b5235dd4ee1cf48d054e7216a1fefe15b8b1a48ffe5e9bb2655724cf84d7a31",
                "sha256:e547b1074e52c10f0581de415b509aa61e577f5248340a68b356938393d773c8",
                "sha256:fcfe2c7a9fbf323f3520ef9766b82e80cd433d7f8c87ff084b18bcde716923af"
            ],
            "index": "pypi",
            "version": "==0.3.0"
        }
    },
    "develop": {}
}
