# Lockfile v4
# This file is automatically generated by Wapm.
# It is not intended for manual editing. The schema of this file may change.
[modules."_/wabt"."1.0.12".wasm-interp]
name = "wasm-interp"
package_version = "1.0.12"
package_name = "_/wabt"
package_path = "_/wabt@1.0.12"
resolved = "https://registry-cdn.wapm.io/packages/_/wabt/wabt-1.0.12.tar.gz"
resolved_source = "registry+wasm-interp"
abi = "wasi"
source = "out/wasi/wasm-interp.wasm"
prehashed_module_key = "c392f594a7af7e22081e8328f92b471a56276d8755118366aeb8f96e49abddde81650a6d4a93b7ca51e6928f4f895913df07b6052e95a75d635bcd0e3a3edf55"

[modules."_/wabt"."1.0.12".wasm-strip]
name = "wasm-strip"
package_version = "1.0.12"
package_name = "_/wabt"
package_path = "_/wabt@1.0.12"
resolved = "https://registry-cdn.wapm.io/packages/_/wabt/wabt-1.0.12.tar.gz"
resolved_source = "registry+wasm-strip"
abi = "wasi"
source = "out/wasi/wasm-strip.wasm"
prehashed_module_key = "1387b139a9b2c56f5bf42d164bfe8b9375d344cb84ce89a73c6975058ea2f15c5bb7ee46900e43a424fb2c22cfb9e4c3fcc8677f2bb676c711eaf1aa4d1ff93a"

[modules."_/wabt"."1.0.12".wasm-validate]
name = "wasm-validate"
package_version = "1.0.12"
package_name = "_/wabt"
package_path = "_/wabt@1.0.12"
resolved = "https://registry-cdn.wapm.io/packages/_/wabt/wabt-1.0.12.tar.gz"
resolved_source = "registry+wasm-validate"
abi = "wasi"
source = "out/wasi/wasm-validate.wasm"
prehashed_module_key = "6415359ac423529f565ca047adf3afe8fdc53971f1542baeb564a07386a7e8dc2197cf8a4c14a22c5c680ee8460f7e67b86241e5c8ed31744c8a3351a40c05cd"

[modules."_/wabt"."1.0.12".wasm2wat]
name = "wasm2wat"
package_version = "1.0.12"
package_name = "_/wabt"
package_path = "_/wabt@1.0.12"
resolved = "https://registry-cdn.wapm.io/packages/_/wabt/wabt-1.0.12.tar.gz"
resolved_source = "registry+wasm2wat"
abi = "wasi"
source = "out/wasi/wasm2wat.wasm"
prehashed_module_key = "6794127976153f804162c315e34f007dd08fbb439035b309acebb7b680f0947fa45eed87dee4e520ab9034978832b1288553c212bf4aeffe78fe0c2ff4e59105"

[modules."_/wabt"."1.0.12".wast2json]
name = "wast2json"
package_version = "1.0.12"
package_name = "_/wabt"
package_path = "_/wabt@1.0.12"
resolved = "https://registry-cdn.wapm.io/packages/_/wabt/wabt-1.0.12.tar.gz"
resolved_source = "registry+wast2json"
abi = "wasi"
source = "out/wasi/wast2json.wasm"
prehashed_module_key = "0d72a6633988c44dfcff85c55a038ca9560f54a8740ce0fe7112e69371164fc0b19adcada3caed2f06fe1dc495786d65ab4047ec87ed68b832416723ab8adaf9"

[modules."_/wabt"."1.0.12".wat2wasm]
name = "wat2wasm"
package_version = "1.0.12"
package_name = "_/wabt"
package_path = "_/wabt@1.0.12"
resolved = "https://registry-cdn.wapm.io/packages/_/wabt/wabt-1.0.12.tar.gz"
resolved_source = "registry+wat2wasm"
abi = "wasi"
source = "out/wasi/wat2wasm.wasm"
prehashed_module_key = "f4806b82c37d457448e1cd520ceb0666cb0974ac7752dc0160f1f875023f963196d5841e9c499c12155f83be2574139403cb3411b6793da324f298748fddc691"
[commands.wasm-interp]
name = "wasm-interp"
package_name = "_/wabt"
package_version = "1.0.12"
module = "wasm-interp"
is_top_level_dependency = true

[commands.wasm-strip]
name = "wasm-strip"
package_name = "_/wabt"
package_version = "1.0.12"
module = "wasm-strip"
is_top_level_dependency = true

[commands.wasm-validate]
name = "wasm-validate"
package_name = "_/wabt"
package_version = "1.0.12"
module = "wasm-validate"
is_top_level_dependency = true

[commands.wasm2wat]
name = "wasm2wat"
package_name = "_/wabt"
package_version = "1.0.12"
module = "wasm2wat"
is_top_level_dependency = true

[commands.wast2json]
name = "wast2json"
package_name = "_/wabt"
package_version = "1.0.12"
module = "wast2json"
is_top_level_dependency = true

[commands.wat2wasm]
name = "wat2wasm"
package_name = "_/wabt"
package_version = "1.0.12"
module = "wat2wasm"
is_top_level_dependency = true
